// !$*UTF8*$!
{
	archiveVersion = 1;
	classes = {
	};
	objectVersion = 46;
	objects = {

/* Begin PBXBuildFile section */
		891AB1DA142F926400D0171B /* Model.xcdatamodeld in Sources */ = {isa = PBXBuildFile; fileRef = 891AB1D8142F926400D0171B /* Model.xcdatamodeld */; };
		891AB1DE142FB06C00D0171B /* Row.m in Sources */ = {isa = PBXBuildFile; fileRef = 891AB1DD142FB06C00D0171B /* Row.m */; };
		891AB1E3142FC66D00D0171B /* DailyEditRow.m in Sources */ = {isa = PBXBuildFile; fileRef = 891AB1E2142FC66D00D0171B /* DailyEditRow.m */; };
		89217A96142F84A5003FEC33 /* CoreData.framework in Frameworks */ = {isa = PBXBuildFile; fileRef = 89217A95142F84A5003FEC33 /* CoreData.framework */; };
		892C96A4142B67E000994EAB /* UIKit.framework in Frameworks */ = {isa = PBXBuildFile; fileRef = 892C96A3142B67E000994EAB /* UIKit.framework */; };
		892C96A6142B67E000994EAB /* Foundation.framework in Frameworks */ = {isa = PBXBuildFile; fileRef = 892C96A5142B67E000994EAB /* Foundation.framework */; };
		892C96A8142B67E000994EAB /* CoreGraphics.framework in Frameworks */ = {isa = PBXBuildFile; fileRef = 892C96A7142B67E000994EAB /* CoreGraphics.framework */; };
		892C96AE142B67E000994EAB /* InfoPlist.strings in Resources */ = {isa = PBXBuildFile; fileRef = 892C96AC142B67E000994EAB /* InfoPlist.strings */; };
		892C96B0142B67E000994EAB /* main.m in Sources */ = {isa = PBXBuildFile; fileRef = 892C96AF142B67E000994EAB /* main.m */; };
		892C96B4142B67E000994EAB /* AppDelegate.m in Sources */ = {isa = PBXBuildFile; fileRef = 892C96B3142B67E000994EAB /* AppDelegate.m */; };
		89417F891430BDBA002EABBA /* Theme.m in Sources */ = {isa = PBXBuildFile; fileRef = 89417F881430BDBA002EABBA /* Theme.m */; };
		895B5D99142EB99A007D7B9C /* EditModalViewController.m in Sources */ = {isa = PBXBuildFile; fileRef = 895B5D98142EB99A007D7B9C /* EditModalViewController.m */; };
		895FE640143EA21E00D6D8A6 /* CourseViewController.m in Sources */ = {isa = PBXBuildFile; fileRef = 895FE63F143EA21E00D6D8A6 /* CourseViewController.m */; };
		8964C381143E2773008630E5 /* RootViewController.m in Sources */ = {isa = PBXBuildFile; fileRef = 8964C380143E2773008630E5 /* RootViewController.m */; };
		8970EA55143CC24200C5AC69 /* AddStudentViewController.m in Sources */ = {isa = PBXBuildFile; fileRef = 8970EA54143CC24200C5AC69 /* AddStudentViewController.m */; };
		8970EA60143CD40900C5AC69 /* icon.png in Resources */ = {isa = PBXBuildFile; fileRef = 8970EA5F143CD40800C5AC69 /* icon.png */; };
		8970EA66143CE7C800C5AC69 /* CoursesViewController.m in Sources */ = {isa = PBXBuildFile; fileRef = 8970EA65143CE7C800C5AC69 /* CoursesViewController.m */; };
		8970EA69143CEEB200C5AC69 /* Toolbar.m in Sources */ = {isa = PBXBuildFile; fileRef = 8970EA68143CEEB100C5AC69 /* Toolbar.m */; };
		897728DA1430212D00B6D985 /* NameCell.m in Sources */ = {isa = PBXBuildFile; fileRef = 897728D91430212D00B6D985 /* NameCell.m */; };
		89786491144F0B2200B76EB9 /* OptionHeader.m in Sources */ = {isa = PBXBuildFile; fileRef = 89786490144F0B2200B76EB9 /* OptionHeader.m */; };
		897AF166144DF319005D71E9 /* SettingsTableViewController.m in Sources */ = {isa = PBXBuildFile; fileRef = 897AF165144DF319005D71E9 /* SettingsTableViewController.m */; };
		897AF16B144E09FA005D71E9 /* SettingsNavigationController.m in Sources */ = {isa = PBXBuildFile; fileRef = 897AF16A144E09FA005D71E9 /* SettingsNavigationController.m */; };
		897AF16E144E0BCC005D71E9 /* OptionPickersTableViewController.m in Sources */ = {isa = PBXBuildFile; fileRef = 897AF16D144E0BCC005D71E9 /* OptionPickersTableViewController.m */; };
		897B847B143BC6F50013D2CA /* ColorTag.m in Sources */ = {isa = PBXBuildFile; fileRef = 897B847A143BC6F50013D2CA /* ColorTag.m */; };
		898B2276143F844400D883DF /* EditNavController.m in Sources */ = {isa = PBXBuildFile; fileRef = 898B2275143F844300D883DF /* EditNavController.m */; };
		898B2279143F846E00D883DF /* EditCoursesViewController.m in Sources */ = {isa = PBXBuildFile; fileRef = 898B2278143F846E00D883DF /* EditCoursesViewController.m */; };
		8999441F14505C64000D244D /* EditableTableViewCell.m in Sources */ = {isa = PBXBuildFile; fileRef = 8999441E14505C64000D244D /* EditableTableViewCell.m */; };
		89C15DEC142C86CF001C125C /* PickerOptionsViewController.m in Sources */ = {isa = PBXBuildFile; fileRef = 89C15DEB142C86CF001C125C /* PickerOptionsViewController.m */; };
		89C4B51F142B6C1000D035BA /* ActionButton.m in Sources */ = {isa = PBXBuildFile; fileRef = 89C4B510142B6C1000D035BA /* ActionButton.m */; };
		89C4B520142B6C1000D035BA /* ActionsSlider.m in Sources */ = {isa = PBXBuildFile; fileRef = 89C4B512142B6C1000D035BA /* ActionsSlider.m */; };
		89C4B525142B6C1000D035BA /* NoteCell.m in Sources */ = {isa = PBXBuildFile; fileRef = 89C4B51A142B6C1000D035BA /* NoteCell.m */; };
		89C4B527142B6C1000D035BA /* slideInBtn.png in Resources */ = {isa = PBXBuildFile; fileRef = 89C4B51D142B6C1000D035BA /* slideInBtn.png */; };
		89C4B528142B6C1000D035BA /* slideOutBtn.png in Resources */ = {isa = PBXBuildFile; fileRef = 89C4B51E142B6C1000D035BA /* slideOutBtn.png */; };
		89C4B52C142BA1C800D035BA /* OptionsScroll.m in Sources */ = {isa = PBXBuildFile; fileRef = 89C4B52B142BA1C800D035BA /* OptionsScroll.m */; };
		89C4B52F142BA1EF00D035BA /* OptionPicker.m in Sources */ = {isa = PBXBuildFile; fileRef = 89C4B52E142BA1EF00D035BA /* OptionPicker.m */; };
		89C4B53B142BA87C00D035BA /* QuartzCore.framework in Frameworks */ = {isa = PBXBuildFile; fileRef = 89C4B53A142BA87C00D035BA /* QuartzCore.framework */; };
		89C4B53E142BB05000D035BA /* OptionsScrollWrapper.m in Sources */ = {isa = PBXBuildFile; fileRef = 89C4B53D142BB05000D035BA /* OptionsScrollWrapper.m */; };
		89C7C4F0143158A80035CE24 /* SelectionTable.m in Sources */ = {isa = PBXBuildFile; fileRef = 89C7C4EF143158A70035CE24 /* SelectionTable.m */; };
		89C7C4F414316ADC0035CE24 /* SelectionTableRow.m in Sources */ = {isa = PBXBuildFile; fileRef = 89C7C4F314316ADB0035CE24 /* SelectionTableRow.m */; };
		89C9F566143A205F00ED2E4A /* OptionsPopoverTableViewController.m in Sources */ = {isa = PBXBuildFile; fileRef = 89C9F565143A205F00ED2E4A /* OptionsPopoverTableViewController.m */; };
		89C9F56D143A4B6F00ED2E4A /* ColorPicker.m in Sources */ = {isa = PBXBuildFile; fileRef = 89C9F56C143A4B6F00ED2E4A /* ColorPicker.m */; };
		89DCB10F1444B6E100F847C4 /* Entry.m in Sources */ = {isa = PBXBuildFile; fileRef = 89DCB10E1444B6E100F847C4 /* Entry.m */; };
		89DCB1121444B6E200F847C4 /* Student.m in Sources */ = {isa = PBXBuildFile; fileRef = 89DCB1111444B6E200F847C4 /* Student.m */; };
		89DCB1151444B6E200F847C4 /* OptionChoice.m in Sources */ = {isa = PBXBuildFile; fileRef = 89DCB1141444B6E200F847C4 /* OptionChoice.m */; };
		89DCB11B1444B6E200F847C4 /* Course.m in Sources */ = {isa = PBXBuildFile; fileRef = 89DCB11A1444B6E200F847C4 /* Course.m */; };
		89DF84761438ADB400D5F444 /* DailyEditViewController.m in Sources */ = {isa = PBXBuildFile; fileRef = 89DF84751438ADB400D5F444 /* DailyEditViewController.m */; };
		89DF847C1438F66900D5F444 /* Header.m in Sources */ = {isa = PBXBuildFile; fileRef = 89DF847B1438F66800D5F444 /* Header.m */; };
		89DF848514390D1A00D5F444 /* ClickRow.m in Sources */ = {isa = PBXBuildFile; fileRef = 89DF848414390D0F00D5F444 /* ClickRow.m */; };
		89DF848814393EBF00D5F444 /* AddCourseViewController.m in Sources */ = {isa = PBXBuildFile; fileRef = 89DF848714393EBF00D5F444 /* AddCourseViewController.m */; };
		89E320AE143B42C600A6D54E /* ColorSlider.m in Sources */ = {isa = PBXBuildFile; fileRef = 89E320AD143B42C600A6D54E /* ColorSlider.m */; };
		89E44CDC1448AB280052A24B /* icon-settings.png in Resources */ = {isa = PBXBuildFile; fileRef = 89E44CDB1448AB280052A24B /* icon-settings.png */; };
		89E44CDE1448BE6A0052A24B /* icon-add.png in Resources */ = {isa = PBXBuildFile; fileRef = 89E44CDD1448BE6A0052A24B /* icon-add.png */; };
/* End PBXBuildFile section */

/* Begin PBXFileReference section */
		891AB1D9142F926400D0171B /* Model.xcdatamodel */ = {isa = PBXFileReference; lastKnownFileType = wrapper.xcdatamodel; path = Model.xcdatamodel; sourceTree = "<group>"; };
		891AB1DC142FB06C00D0171B /* Row.h */ = {isa = PBXFileReference; fileEncoding = 4; lastKnownFileType = sourcecode.c.h; path = Row.h; sourceTree = "<group>"; };
		891AB1DD142FB06C00D0171B /* Row.m */ = {isa = PBXFileReference; fileEncoding = 4; lastKnownFileType = sourcecode.c.objc; path = Row.m; sourceTree = "<group>"; };
		891AB1E1142FC66D00D0171B /* DailyEditRow.h */ = {isa = PBXFileReference; fileEncoding = 4; lastKnownFileType = sourcecode.c.h; path = DailyEditRow.h; sourceTree = "<group>"; };
		891AB1E2142FC66D00D0171B /* DailyEditRow.m */ = {isa = PBXFileReference; fileEncoding = 4; lastKnownFileType = sourcecode.c.objc; path = DailyEditRow.m; sourceTree = "<group>"; };
		89217A95142F84A5003FEC33 /* CoreData.framework */ = {isa = PBXFileReference; lastKnownFileType = wrapper.framework; name = CoreData.framework; path = System/Library/Frameworks/CoreData.framework; sourceTree = SDKROOT; };
		892C969F142B67E000994EAB /* Ob Log.app */ = {isa = PBXFileReference; explicitFileType = wrapper.application; includeInIndex = 0; path = "Ob Log.app"; sourceTree = BUILT_PRODUCTS_DIR; };
		892C96A3142B67E000994EAB /* UIKit.framework */ = {isa = PBXFileReference; lastKnownFileType = wrapper.framework; name = UIKit.framework; path = System/Library/Frameworks/UIKit.framework; sourceTree = SDKROOT; };
		892C96A5142B67E000994EAB /* Foundation.framework */ = {isa = PBXFileReference; lastKnownFileType = wrapper.framework; name = Foundation.framework; path = System/Library/Frameworks/Foundation.framework; sourceTree = SDKROOT; };
		892C96A7142B67E000994EAB /* CoreGraphics.framework */ = {isa = PBXFileReference; lastKnownFileType = wrapper.framework; name = CoreGraphics.framework; path = System/Library/Frameworks/CoreGraphics.framework; sourceTree = SDKROOT; };
		892C96AB142B67E000994EAB /* Ob Log-Info.plist */ = {isa = PBXFileReference; lastKnownFileType = text.plist.xml; path = "Ob Log-Info.plist"; sourceTree = "<group>"; };
		892C96AD142B67E000994EAB /* en */ = {isa = PBXFileReference; lastKnownFileType = text.plist.strings; name = en; path = en.lproj/InfoPlist.strings; sourceTree = "<group>"; };
		892C96AF142B67E000994EAB /* main.m */ = {isa = PBXFileReference; lastKnownFileType = sourcecode.c.objc; path = main.m; sourceTree = "<group>"; };
		892C96B1142B67E000994EAB /* Ob Log-Prefix.pch */ = {isa = PBXFileReference; lastKnownFileType = sourcecode.c.h; path = "Ob Log-Prefix.pch"; sourceTree = "<group>"; };
		892C96B2142B67E000994EAB /* AppDelegate.h */ = {isa = PBXFileReference; lastKnownFileType = sourcecode.c.h; path = AppDelegate.h; sourceTree = "<group>"; };
		892C96B3142B67E000994EAB /* AppDelegate.m */ = {isa = PBXFileReference; lastKnownFileType = sourcecode.c.objc; path = AppDelegate.m; sourceTree = "<group>"; };
		89417F871430BDBA002EABBA /* Theme.h */ = {isa = PBXFileReference; fileEncoding = 4; lastKnownFileType = sourcecode.c.h; path = Theme.h; sourceTree = "<group>"; };
		89417F881430BDBA002EABBA /* Theme.m */ = {isa = PBXFileReference; fileEncoding = 4; lastKnownFileType = sourcecode.c.objc; path = Theme.m; sourceTree = "<group>"; };
		895B5D97142EB99A007D7B9C /* EditModalViewController.h */ = {isa = PBXFileReference; fileEncoding = 4; lastKnownFileType = sourcecode.c.h; path = EditModalViewController.h; sourceTree = "<group>"; };
		895B5D98142EB99A007D7B9C /* EditModalViewController.m */ = {isa = PBXFileReference; fileEncoding = 4; lastKnownFileType = sourcecode.c.objc; path = EditModalViewController.m; sourceTree = "<group>"; };
		895FE63E143EA21E00D6D8A6 /* CourseViewController.h */ = {isa = PBXFileReference; fileEncoding = 4; lastKnownFileType = sourcecode.c.h; path = CourseViewController.h; sourceTree = "<group>"; };
		895FE63F143EA21E00D6D8A6 /* CourseViewController.m */ = {isa = PBXFileReference; fileEncoding = 4; lastKnownFileType = sourcecode.c.objc; path = CourseViewController.m; sourceTree = "<group>"; };
		8964C37F143E2773008630E5 /* RootViewController.h */ = {isa = PBXFileReference; fileEncoding = 4; lastKnownFileType = sourcecode.c.h; path = RootViewController.h; sourceTree = "<group>"; };
		8964C380143E2773008630E5 /* RootViewController.m */ = {isa = PBXFileReference; fileEncoding = 4; lastKnownFileType = sourcecode.c.objc; path = RootViewController.m; sourceTree = "<group>"; };
		8970EA53143CC24200C5AC69 /* AddStudentViewController.h */ = {isa = PBXFileReference; fileEncoding = 4; lastKnownFileType = sourcecode.c.h; path = AddStudentViewController.h; sourceTree = "<group>"; };
		8970EA54143CC24200C5AC69 /* AddStudentViewController.m */ = {isa = PBXFileReference; fileEncoding = 4; lastKnownFileType = sourcecode.c.objc; path = AddStudentViewController.m; sourceTree = "<group>"; };
		8970EA5F143CD40800C5AC69 /* icon.png */ = {isa = PBXFileReference; lastKnownFileType = image.png; path = icon.png; sourceTree = "<group>"; };
		8970EA64143CE7C800C5AC69 /* CoursesViewController.h */ = {isa = PBXFileReference; fileEncoding = 4; lastKnownFileType = sourcecode.c.h; path = CoursesViewController.h; sourceTree = "<group>"; };
		8970EA65143CE7C800C5AC69 /* CoursesViewController.m */ = {isa = PBXFileReference; fileEncoding = 4; lastKnownFileType = sourcecode.c.objc; path = CoursesViewController.m; sourceTree = "<group>"; };
		8970EA67143CEEB100C5AC69 /* Toolbar.h */ = {isa = PBXFileReference; fileEncoding = 4; lastKnownFileType = sourcecode.c.h; path = Toolbar.h; sourceTree = "<group>"; };
		8970EA68143CEEB100C5AC69 /* Toolbar.m */ = {isa = PBXFileReference; fileEncoding = 4; lastKnownFileType = sourcecode.c.objc; path = Toolbar.m; sourceTree = "<group>"; };
		897728D81430212D00B6D985 /* NameCell.h */ = {isa = PBXFileReference; fileEncoding = 4; lastKnownFileType = sourcecode.c.h; path = NameCell.h; sourceTree = "<group>"; };
		897728D91430212D00B6D985 /* NameCell.m */ = {isa = PBXFileReference; fileEncoding = 4; lastKnownFileType = sourcecode.c.objc; path = NameCell.m; sourceTree = "<group>"; };
		8978648F144F0B2200B76EB9 /* OptionHeader.h */ = {isa = PBXFileReference; fileEncoding = 4; lastKnownFileType = sourcecode.c.h; path = OptionHeader.h; sourceTree = "<group>"; };
		89786490144F0B2200B76EB9 /* OptionHeader.m */ = {isa = PBXFileReference; fileEncoding = 4; lastKnownFileType = sourcecode.c.objc; path = OptionHeader.m; sourceTree = "<group>"; };
		897AF164144DF319005D71E9 /* SettingsTableViewController.h */ = {isa = PBXFileReference; fileEncoding = 4; lastKnownFileType = sourcecode.c.h; path = SettingsTableViewController.h; sourceTree = "<group>"; };
		897AF165144DF319005D71E9 /* SettingsTableViewController.m */ = {isa = PBXFileReference; fileEncoding = 4; lastKnownFileType = sourcecode.c.objc; path = SettingsTableViewController.m; sourceTree = "<group>"; };
		897AF169144E09FA005D71E9 /* SettingsNavigationController.h */ = {isa = PBXFileReference; fileEncoding = 4; lastKnownFileType = sourcecode.c.h; path = SettingsNavigationController.h; sourceTree = "<group>"; };
		897AF16A144E09FA005D71E9 /* SettingsNavigationController.m */ = {isa = PBXFileReference; fileEncoding = 4; lastKnownFileType = sourcecode.c.objc; path = SettingsNavigationController.m; sourceTree = "<group>"; };
		897AF16C144E0BCC005D71E9 /* OptionPickersTableViewController.h */ = {isa = PBXFileReference; fileEncoding = 4; lastKnownFileType = sourcecode.c.h; path = OptionPickersTableViewController.h; sourceTree = "<group>"; };
		897AF16D144E0BCC005D71E9 /* OptionPickersTableViewController.m */ = {isa = PBXFileReference; fileEncoding = 4; lastKnownFileType = sourcecode.c.objc; path = OptionPickersTableViewController.m; sourceTree = "<group>"; };
		897B8479143BC6F50013D2CA /* ColorTag.h */ = {isa = PBXFileReference; fileEncoding = 4; lastKnownFileType = sourcecode.c.h; path = ColorTag.h; sourceTree = "<group>"; };
		897B847A143BC6F50013D2CA /* ColorTag.m */ = {isa = PBXFileReference; fileEncoding = 4; lastKnownFileType = sourcecode.c.objc; path = ColorTag.m; sourceTree = "<group>"; };
		898B2274143F844300D883DF /* EditNavController.h */ = {isa = PBXFileReference; fileEncoding = 4; lastKnownFileType = sourcecode.c.h; path = EditNavController.h; sourceTree = "<group>"; };
		898B2275143F844300D883DF /* EditNavController.m */ = {isa = PBXFileReference; fileEncoding = 4; lastKnownFileType = sourcecode.c.objc; path = EditNavController.m; sourceTree = "<group>"; };
		898B2277143F846E00D883DF /* EditCoursesViewController.h */ = {isa = PBXFileReference; fileEncoding = 4; lastKnownFileType = sourcecode.c.h; path = EditCoursesViewController.h; sourceTree = "<group>"; };
		898B2278143F846E00D883DF /* EditCoursesViewController.m */ = {isa = PBXFileReference; fileEncoding = 4; lastKnownFileType = sourcecode.c.objc; path = EditCoursesViewController.m; sourceTree = "<group>"; };
		8999441D14505C64000D244D /* EditableTableViewCell.h */ = {isa = PBXFileReference; fileEncoding = 4; lastKnownFileType = sourcecode.c.h; path = EditableTableViewCell.h; sourceTree = "<group>"; };
		8999441E14505C64000D244D /* EditableTableViewCell.m */ = {isa = PBXFileReference; fileEncoding = 4; lastKnownFileType = sourcecode.c.objc; path = EditableTableViewCell.m; sourceTree = "<group>"; };
		89C15DEA142C86CF001C125C /* PickerOptionsViewController.h */ = {isa = PBXFileReference; fileEncoding = 4; lastKnownFileType = sourcecode.c.h; path = PickerOptionsViewController.h; sourceTree = "<group>"; };
		89C15DEB142C86CF001C125C /* PickerOptionsViewController.m */ = {isa = PBXFileReference; fileEncoding = 4; lastKnownFileType = sourcecode.c.objc; path = PickerOptionsViewController.m; sourceTree = "<group>"; };
		89C4B50F142B6C1000D035BA /* ActionButton.h */ = {isa = PBXFileReference; fileEncoding = 4; lastKnownFileType = sourcecode.c.h; path = ActionButton.h; sourceTree = "<group>"; };
		89C4B510142B6C1000D035BA /* ActionButton.m */ = {isa = PBXFileReference; fileEncoding = 4; lastKnownFileType = sourcecode.c.objc; path = ActionButton.m; sourceTree = "<group>"; };
		89C4B511142B6C1000D035BA /* ActionsSlider.h */ = {isa = PBXFileReference; fileEncoding = 4; lastKnownFileType = sourcecode.c.h; path = ActionsSlider.h; sourceTree = "<group>"; };
		89C4B512142B6C1000D035BA /* ActionsSlider.m */ = {isa = PBXFileReference; fileEncoding = 4; lastKnownFileType = sourcecode.c.objc; path = ActionsSlider.m; sourceTree = "<group>"; };
		89C4B519142B6C1000D035BA /* NoteCell.h */ = {isa = PBXFileReference; fileEncoding = 4; lastKnownFileType = sourcecode.c.h; path = NoteCell.h; sourceTree = "<group>"; };
		89C4B51A142B6C1000D035BA /* NoteCell.m */ = {isa = PBXFileReference; fileEncoding = 4; lastKnownFileType = sourcecode.c.objc; path = NoteCell.m; sourceTree = "<group>"; };
		89C4B51D142B6C1000D035BA /* slideInBtn.png */ = {isa = PBXFileReference; lastKnownFileType = image.png; path = slideInBtn.png; sourceTree = "<group>"; };
		89C4B51E142B6C1000D035BA /* slideOutBtn.png */ = {isa = PBXFileReference; lastKnownFileType = image.png; path = slideOutBtn.png; sourceTree = "<group>"; };
		89C4B52A142BA1C800D035BA /* OptionsScroll.h */ = {isa = PBXFileReference; fileEncoding = 4; lastKnownFileType = sourcecode.c.h; path = OptionsScroll.h; sourceTree = "<group>"; };
		89C4B52B142BA1C800D035BA /* OptionsScroll.m */ = {isa = PBXFileReference; fileEncoding = 4; lastKnownFileType = sourcecode.c.objc; path = OptionsScroll.m; sourceTree = "<group>"; };
		89C4B52D142BA1EF00D035BA /* OptionPicker.h */ = {isa = PBXFileReference; fileEncoding = 4; lastKnownFileType = sourcecode.c.h; path = OptionPicker.h; sourceTree = "<group>"; };
		89C4B52E142BA1EF00D035BA /* OptionPicker.m */ = {isa = PBXFileReference; fileEncoding = 4; lastKnownFileType = sourcecode.c.objc; path = OptionPicker.m; sourceTree = "<group>"; };
		89C4B53A142BA87C00D035BA /* QuartzCore.framework */ = {isa = PBXFileReference; lastKnownFileType = wrapper.framework; name = QuartzCore.framework; path = System/Library/Frameworks/QuartzCore.framework; sourceTree = SDKROOT; };
		89C4B53C142BB05000D035BA /* OptionsScrollWrapper.h */ = {isa = PBXFileReference; fileEncoding = 4; lastKnownFileType = sourcecode.c.h; path = OptionsScrollWrapper.h; sourceTree = "<group>"; };
		89C4B53D142BB05000D035BA /* OptionsScrollWrapper.m */ = {isa = PBXFileReference; fileEncoding = 4; lastKnownFileType = sourcecode.c.objc; path = OptionsScrollWrapper.m; sourceTree = "<group>"; };
		89C7C4EE143158A70035CE24 /* SelectionTable.h */ = {isa = PBXFileReference; fileEncoding = 4; lastKnownFileType = sourcecode.c.h; path = SelectionTable.h; sourceTree = "<group>"; };
		89C7C4EF143158A70035CE24 /* SelectionTable.m */ = {isa = PBXFileReference; fileEncoding = 4; lastKnownFileType = sourcecode.c.objc; path = SelectionTable.m; sourceTree = "<group>"; };
		89C7C4F214316ADB0035CE24 /* SelectionTableRow.h */ = {isa = PBXFileReference; fileEncoding = 4; lastKnownFileType = sourcecode.c.h; path = SelectionTableRow.h; sourceTree = "<group>"; };
		89C7C4F314316ADB0035CE24 /* SelectionTableRow.m */ = {isa = PBXFileReference; fileEncoding = 4; lastKnownFileType = sourcecode.c.objc; path = SelectionTableRow.m; sourceTree = "<group>"; };
		89C9F564143A205F00ED2E4A /* OptionsPopoverTableViewController.h */ = {isa = PBXFileReference; fileEncoding = 4; lastKnownFileType = sourcecode.c.h; path = OptionsPopoverTableViewController.h; sourceTree = "<group>"; };
		89C9F565143A205F00ED2E4A /* OptionsPopoverTableViewController.m */ = {isa = PBXFileReference; fileEncoding = 4; lastKnownFileType = sourcecode.c.objc; path = OptionsPopoverTableViewController.m; sourceTree = "<group>"; };
		89C9F56B143A4B6F00ED2E4A /* ColorPicker.h */ = {isa = PBXFileReference; fileEncoding = 4; lastKnownFileType = sourcecode.c.h; path = ColorPicker.h; sourceTree = "<group>"; };
		89C9F56C143A4B6F00ED2E4A /* ColorPicker.m */ = {isa = PBXFileReference; fileEncoding = 4; lastKnownFileType = sourcecode.c.objc; path = ColorPicker.m; sourceTree = "<group>"; };
		89DCB10D1444B6E100F847C4 /* Entry.h */ = {isa = PBXFileReference; fileEncoding = 4; lastKnownFileType = sourcecode.c.h; path = Entry.h; sourceTree = "<group>"; };
		89DCB10E1444B6E100F847C4 /* Entry.m */ = {isa = PBXFileReference; fileEncoding = 4; lastKnownFileType = sourcecode.c.objc; path = Entry.m; sourceTree = "<group>"; };
		89DCB1101444B6E200F847C4 /* Student.h */ = {isa = PBXFileReference; fileEncoding = 4; lastKnownFileType = sourcecode.c.h; path = Student.h; sourceTree = "<group>"; };
		89DCB1111444B6E200F847C4 /* Student.m */ = {isa = PBXFileReference; fileEncoding = 4; lastKnownFileType = sourcecode.c.objc; path = Student.m; sourceTree = "<group>"; };
		89DCB1131444B6E200F847C4 /* OptionChoice.h */ = {isa = PBXFileReference; fileEncoding = 4; lastKnownFileType = sourcecode.c.h; path = OptionChoice.h; sourceTree = "<group>"; };
		89DCB1141444B6E200F847C4 /* OptionChoice.m */ = {isa = PBXFileReference; fileEncoding = 4; lastKnownFileType = sourcecode.c.objc; path = OptionChoice.m; sourceTree = "<group>"; };
		89DCB1191444B6E200F847C4 /* Course.h */ = {isa = PBXFileReference; fileEncoding = 4; lastKnownFileType = sourcecode.c.h; path = Course.h; sourceTree = "<group>"; };
		89DCB11A1444B6E200F847C4 /* Course.m */ = {isa = PBXFileReference; fileEncoding = 4; lastKnownFileType = sourcecode.c.objc; path = Course.m; sourceTree = "<group>"; };
		89DF84741438ADB400D5F444 /* DailyEditViewController.h */ = {isa = PBXFileReference; fileEncoding = 4; lastKnownFileType = sourcecode.c.h; path = DailyEditViewController.h; sourceTree = "<group>"; };
		89DF84751438ADB400D5F444 /* DailyEditViewController.m */ = {isa = PBXFileReference; fileEncoding = 4; lastKnownFileType = sourcecode.c.objc; path = DailyEditViewController.m; sourceTree = "<group>"; };
		89DF847A1438F66800D5F444 /* Header.h */ = {isa = PBXFileReference; fileEncoding = 4; lastKnownFileType = sourcecode.c.h; path = Header.h; sourceTree = "<group>"; };
		89DF847B1438F66800D5F444 /* Header.m */ = {isa = PBXFileReference; fileEncoding = 4; lastKnownFileType = sourcecode.c.objc; path = Header.m; sourceTree = "<group>"; };
		89DF848314390D0D00D5F444 /* ClickRow.h */ = {isa = PBXFileReference; fileEncoding = 4; lastKnownFileType = sourcecode.c.h; path = ClickRow.h; sourceTree = "<group>"; };
		89DF848414390D0F00D5F444 /* ClickRow.m */ = {isa = PBXFileReference; fileEncoding = 4; lastKnownFileType = sourcecode.c.objc; path = ClickRow.m; sourceTree = "<group>"; };
		89DF848614393EBF00D5F444 /* AddCourseViewController.h */ = {isa = PBXFileReference; fileEncoding = 4; lastKnownFileType = sourcecode.c.h; path = AddCourseViewController.h; sourceTree = "<group>"; };
		89DF848714393EBF00D5F444 /* AddCourseViewController.m */ = {isa = PBXFileReference; fileEncoding = 4; lastKnownFileType = sourcecode.c.objc; path = AddCourseViewController.m; sourceTree = "<group>"; };
		89E320AC143B42C600A6D54E /* ColorSlider.h */ = {isa = PBXFileReference; fileEncoding = 4; lastKnownFileType = sourcecode.c.h; path = ColorSlider.h; sourceTree = "<group>"; };
		89E320AD143B42C600A6D54E /* ColorSlider.m */ = {isa = PBXFileReference; fileEncoding = 4; lastKnownFileType = sourcecode.c.objc; path = ColorSlider.m; sourceTree = "<group>"; };
		89E44CDB1448AB280052A24B /* icon-settings.png */ = {isa = PBXFileReference; lastKnownFileType = image.png; path = "icon-settings.png"; sourceTree = "<group>"; };
		89E44CDD1448BE6A0052A24B /* icon-add.png */ = {isa = PBXFileReference; lastKnownFileType = image.png; path = "icon-add.png"; sourceTree = "<group>"; };
/* End PBXFileReference section */

/* Begin PBXFrameworksBuildPhase section */
		892C969C142B67E000994EAB /* Frameworks */ = {
			isa = PBXFrameworksBuildPhase;
			buildActionMask = 2147483647;
			files = (
				89217A96142F84A5003FEC33 /* CoreData.framework in Frameworks */,
				89C4B53B142BA87C00D035BA /* QuartzCore.framework in Frameworks */,
				892C96A4142B67E000994EAB /* UIKit.framework in Frameworks */,
				892C96A6142B67E000994EAB /* Foundation.framework in Frameworks */,
				892C96A8142B67E000994EAB /* CoreGraphics.framework in Frameworks */,
			);
			runOnlyForDeploymentPostprocessing = 0;
		};
/* End PBXFrameworksBuildPhase section */

/* Begin PBXGroup section */
		891AB1DF142FB16600D0171B /* Note Cell */ = {
			isa = PBXGroup;
			children = (
				89C4B519142B6C1000D035BA /* NoteCell.h */,
				89C4B51A142B6C1000D035BA /* NoteCell.m */,
				89C4B511142B6C1000D035BA /* ActionsSlider.h */,
				89C4B512142B6C1000D035BA /* ActionsSlider.m */,
				89C4B50F142B6C1000D035BA /* ActionButton.h */,
				89C4B510142B6C1000D035BA /* ActionButton.m */,
				89C4B53C142BB05000D035BA /* OptionsScrollWrapper.h */,
				89C4B53D142BB05000D035BA /* OptionsScrollWrapper.m */,
				89C4B52A142BA1C800D035BA /* OptionsScroll.h */,
				89C4B52B142BA1C800D035BA /* OptionsScroll.m */,
				89C4B52D142BA1EF00D035BA /* OptionPicker.h */,
				89C4B52E142BA1EF00D035BA /* OptionPicker.m */,
				89C15DEA142C86CF001C125C /* PickerOptionsViewController.h */,
				89C15DEB142C86CF001C125C /* PickerOptionsViewController.m */,
			);
			name = "Note Cell";
			sourceTree = "<group>";
		};
		891AB1E0142FB1C800D0171B /* Row */ = {
			isa = PBXGroup;
			children = (
				891AB1DC142FB06C00D0171B /* Row.h */,
				891AB1DD142FB06C00D0171B /* Row.m */,
				891AB1E1142FC66D00D0171B /* DailyEditRow.h */,
				891AB1E2142FC66D00D0171B /* DailyEditRow.m */,
				897728D81430212D00B6D985 /* NameCell.h */,
				897728D91430212D00B6D985 /* NameCell.m */,
				891AB1DF142FB16600D0171B /* Note Cell */,
				89C7C4EE143158A70035CE24 /* SelectionTable.h */,
				89C7C4EF143158A70035CE24 /* SelectionTable.m */,
				89C7C4F214316ADB0035CE24 /* SelectionTableRow.h */,
				89C7C4F314316ADB0035CE24 /* SelectionTableRow.m */,
			);
			name = Row;
			sourceTree = "<group>";
		};
		892C9694142B67E000994EAB = {
			isa = PBXGroup;
			children = (
				89217A95142F84A5003FEC33 /* CoreData.framework */,
				89C4B53A142BA87C00D035BA /* QuartzCore.framework */,
				892C96A9142B67E000994EAB /* Ob Log */,
				892C96A2142B67E000994EAB /* Frameworks */,
				892C96A0142B67E000994EAB /* Products */,
			);
			sourceTree = "<group>";
		};
		892C96A0142B67E000994EAB /* Products */ = {
			isa = PBXGroup;
			children = (
				892C969F142B67E000994EAB /* Ob Log.app */,
			);
			name = Products;
			sourceTree = "<group>";
		};
		892C96A2142B67E000994EAB /* Frameworks */ = {
			isa = PBXGroup;
			children = (
				892C96A3142B67E000994EAB /* UIKit.framework */,
				892C96A5142B67E000994EAB /* Foundation.framework */,
				892C96A7142B67E000994EAB /* CoreGraphics.framework */,
			);
			name = Frameworks;
			sourceTree = "<group>";
		};
		892C96A9142B67E000994EAB /* Ob Log */ = {
			isa = PBXGroup;
			children = (
				8999441D14505C64000D244D /* EditableTableViewCell.h */,
				8999441E14505C64000D244D /* EditableTableViewCell.m */,
				8970EA67143CEEB100C5AC69 /* Toolbar.h */,
				8970EA68143CEEB100C5AC69 /* Toolbar.m */,
				89DF847A1438F66800D5F444 /* Header.h */,
				89DF847B1438F66800D5F444 /* Header.m */,
				892C96B2142B67E000994EAB /* AppDelegate.h */,
				892C96B3142B67E000994EAB /* AppDelegate.m */,
				8970EA4F143CA88D00C5AC69 /* Core Data */,
				89DF84731438A09D00D5F444 /* View Controllers */,
				891AB1E0142FB1C800D0171B /* Row */,
				89C4B51D142B6C1000D035BA /* slideInBtn.png */,
				89C4B51E142B6C1000D035BA /* slideOutBtn.png */,
				892C96AA142B67E000994EAB /* Supporting Files */,
				89DF848314390D0D00D5F444 /* ClickRow.h */,
				89DF848414390D0F00D5F444 /* ClickRow.m */,
				89C9F56B143A4B6F00ED2E4A /* ColorPicker.h */,
				89C9F56C143A4B6F00ED2E4A /* ColorPicker.m */,
				89E320AC143B42C600A6D54E /* ColorSlider.h */,
				89E320AD143B42C600A6D54E /* ColorSlider.m */,
				897B8479143BC6F50013D2CA /* ColorTag.h */,
				897B847A143BC6F50013D2CA /* ColorTag.m */,
			);
			path = "Ob Log";
			sourceTree = "<group>";
		};
		892C96AA142B67E000994EAB /* Supporting Files */ = {
			isa = PBXGroup;
			children = (
				89E44CDD1448BE6A0052A24B /* icon-add.png */,
				89E44CDB1448AB280052A24B /* icon-settings.png */,
				8970EA5F143CD40800C5AC69 /* icon.png */,
				89417F871430BDBA002EABBA /* Theme.h */,
				89417F881430BDBA002EABBA /* Theme.m */,
				892C96AB142B67E000994EAB /* Ob Log-Info.plist */,
				892C96AC142B67E000994EAB /* InfoPlist.strings */,
				892C96AF142B67E000994EAB /* main.m */,
				892C96B1142B67E000994EAB /* Ob Log-Prefix.pch */,
			);
			name = "Supporting Files";
			sourceTree = "<group>";
		};
		8970EA4F143CA88D00C5AC69 /* Core Data */ = {
			isa = PBXGroup;
			children = (
				89DCB1191444B6E200F847C4 /* Course.h */,
				89DCB11A1444B6E200F847C4 /* Course.m */,
				89DCB1131444B6E200F847C4 /* OptionChoice.h */,
				89DCB1141444B6E200F847C4 /* OptionChoice.m */,
				89DCB1101444B6E200F847C4 /* Student.h */,
				89DCB1111444B6E200F847C4 /* Student.m */,
				89DCB10D1444B6E100F847C4 /* Entry.h */,
				89DCB10E1444B6E100F847C4 /* Entry.m */,
				891AB1D8142F926400D0171B /* Model.xcdatamodeld */,
				8978648F144F0B2200B76EB9 /* OptionHeader.h */,
				89786490144F0B2200B76EB9 /* OptionHeader.m */,
			);
			name = "Core Data";
			sourceTree = "<group>";
		};
		897AF168144E09A4005D71E9 /* Settings Popover */ = {
			isa = PBXGroup;
			children = (
				897AF164144DF319005D71E9 /* SettingsTableViewController.h */,
				897AF165144DF319005D71E9 /* SettingsTableViewController.m */,
				897AF169144E09FA005D71E9 /* SettingsNavigationController.h */,
				897AF16A144E09FA005D71E9 /* SettingsNavigationController.m */,
				897AF16C144E0BCC005D71E9 /* OptionPickersTableViewController.h */,
				897AF16D144E0BCC005D71E9 /* OptionPickersTableViewController.m */,
			);
			name = "Settings Popover";
			sourceTree = "<group>";
		};
		89DF84731438A09D00D5F444 /* View Controllers */ = {
			isa = PBXGroup;
			children = (
				8964C37F143E2773008630E5 /* RootViewController.h */,
				8964C380143E2773008630E5 /* RootViewController.m */,
				8970EA64143CE7C800C5AC69 /* CoursesViewController.h */,
				8970EA65143CE7C800C5AC69 /* CoursesViewController.m */,
				89DF84741438ADB400D5F444 /* DailyEditViewController.h */,
				89DF84751438ADB400D5F444 /* DailyEditViewController.m */,
				895B5D97142EB99A007D7B9C /* EditModalViewController.h */,
				895B5D98142EB99A007D7B9C /* EditModalViewController.m */,
				89DF848614393EBF00D5F444 /* AddCourseViewController.h */,
				89DF848714393EBF00D5F444 /* AddCourseViewController.m */,
				89C9F564143A205F00ED2E4A /* OptionsPopoverTableViewController.h */,
				89C9F565143A205F00ED2E4A /* OptionsPopoverTableViewController.m */,
				895FE63E143EA21E00D6D8A6 /* CourseViewController.h */,
				895FE63F143EA21E00D6D8A6 /* CourseViewController.m */,
				8970EA53143CC24200C5AC69 /* AddStudentViewController.h */,
				8970EA54143CC24200C5AC69 /* AddStudentViewController.m */,
				898B2274143F844300D883DF /* EditNavController.h */,
				898B2275143F844300D883DF /* EditNavController.m */,
				898B2277143F846E00D883DF /* EditCoursesViewController.h */,
				898B2278143F846E00D883DF /* EditCoursesViewController.m */,
				897AF168144E09A4005D71E9 /* Settings Popover */,
			);
			name = "View Controllers";
			sourceTree = "<group>";
		};
/* End PBXGroup section */

/* Begin PBXNativeTarget section */
		892C969E142B67E000994EAB /* Ob Log */ = {
			isa = PBXNativeTarget;
			buildConfigurationList = 892C96BD142B67E000994EAB /* Build configuration list for PBXNativeTarget "Ob Log" */;
			buildPhases = (
				892C969B142B67E000994EAB /* Sources */,
				892C969C142B67E000994EAB /* Frameworks */,
				892C969D142B67E000994EAB /* Resources */,
			);
			buildRules = (
			);
			dependencies = (
			);
			name = "Ob Log";
			productName = "Ob Log";
			productReference = 892C969F142B67E000994EAB /* Ob Log.app */;
			productType = "com.apple.product-type.application";
		};
/* End PBXNativeTarget section */

/* Begin PBXProject section */
		892C9696142B67E000994EAB /* Project object */ = {
			isa = PBXProject;
			attributes = {
				LastUpgradeCheck = 0420;
				ORGANIZATIONNAME = "Harvard Medical School";
			};
			buildConfigurationList = 892C9699142B67E000994EAB /* Build configuration list for PBXProject "Ob Log" */;
			compatibilityVersion = "Xcode 3.2";
			developmentRegion = English;
			hasScannedForEncodings = 0;
			knownRegions = (
				en,
			);
			mainGroup = 892C9694142B67E000994EAB;
			productRefGroup = 892C96A0142B67E000994EAB /* Products */;
			projectDirPath = "";
			projectRoot = "";
			targets = (
				892C969E142B67E000994EAB /* Ob Log */,
			);
		};
/* End PBXProject section */

/* Begin PBXResourcesBuildPhase section */
		892C969D142B67E000994EAB /* Resources */ = {
			isa = PBXResourcesBuildPhase;
			buildActionMask = 2147483647;
			files = (
				892C96AE142B67E000994EAB /* InfoPlist.strings in Resources */,
				89C4B527142B6C1000D035BA /* slideInBtn.png in Resources */,
				89C4B528142B6C1000D035BA /* slideOutBtn.png in Resources */,
				8970EA60143CD40900C5AC69 /* icon.png in Resources */,
				89E44CDC1448AB280052A24B /* icon-settings.png in Resources */,
				89E44CDE1448BE6A0052A24B /* icon-add.png in Resources */,
			);
			runOnlyForDeploymentPostprocessing = 0;
		};
/* End PBXResourcesBuildPhase section */

/* Begin PBXSourcesBuildPhase section */
		892C969B142B67E000994EAB /* Sources */ = {
			isa = PBXSourcesBuildPhase;
			buildActionMask = 2147483647;
			files = (
				892C96B0142B67E000994EAB /* main.m in Sources */,
				892C96B4142B67E000994EAB /* AppDelegate.m in Sources */,
				89C4B51F142B6C1000D035BA /* ActionButton.m in Sources */,
				89C4B520142B6C1000D035BA /* ActionsSlider.m in Sources */,
				89C4B525142B6C1000D035BA /* NoteCell.m in Sources */,
				89C4B52C142BA1C800D035BA /* OptionsScroll.m in Sources */,
				89C4B52F142BA1EF00D035BA /* OptionPicker.m in Sources */,
				89C4B53E142BB05000D035BA /* OptionsScrollWrapper.m in Sources */,
				89C15DEC142C86CF001C125C /* PickerOptionsViewController.m in Sources */,
				895B5D99142EB99A007D7B9C /* EditModalViewController.m in Sources */,
				891AB1DA142F926400D0171B /* Model.xcdatamodeld in Sources */,
				891AB1DE142FB06C00D0171B /* Row.m in Sources */,
				891AB1E3142FC66D00D0171B /* DailyEditRow.m in Sources */,
				897728DA1430212D00B6D985 /* NameCell.m in Sources */,
				89417F891430BDBA002EABBA /* Theme.m in Sources */,
				89C7C4F0143158A80035CE24 /* SelectionTable.m in Sources */,
				89C7C4F414316ADC0035CE24 /* SelectionTableRow.m in Sources */,
				89DF84761438ADB400D5F444 /* DailyEditViewController.m in Sources */,
				89DF847C1438F66900D5F444 /* Header.m in Sources */,
				89DF848514390D1A00D5F444 /* ClickRow.m in Sources */,
				89DF848814393EBF00D5F444 /* AddCourseViewController.m in Sources */,
				89C9F566143A205F00ED2E4A /* OptionsPopoverTableViewController.m in Sources */,
				89C9F56D143A4B6F00ED2E4A /* ColorPicker.m in Sources */,
				89E320AE143B42C600A6D54E /* ColorSlider.m in Sources */,
				897B847B143BC6F50013D2CA /* ColorTag.m in Sources */,
				8970EA55143CC24200C5AC69 /* AddStudentViewController.m in Sources */,
				8970EA66143CE7C800C5AC69 /* CoursesViewController.m in Sources */,
				8970EA69143CEEB200C5AC69 /* Toolbar.m in Sources */,
				8964C381143E2773008630E5 /* RootViewController.m in Sources */,
				895FE640143EA21E00D6D8A6 /* CourseViewController.m in Sources */,
				898B2276143F844400D883DF /* EditNavController.m in Sources */,
				898B2279143F846E00D883DF /* EditCoursesViewController.m in Sources */,
				89DCB10F1444B6E100F847C4 /* Entry.m in Sources */,
				89DCB1121444B6E200F847C4 /* Student.m in Sources */,
				89DCB1151444B6E200F847C4 /* OptionChoice.m in Sources */,
				89DCB11B1444B6E200F847C4 /* Course.m in Sources */,
				897AF166144DF319005D71E9 /* SettingsTableViewController.m in Sources */,
				897AF16B144E09FA005D71E9 /* SettingsNavigationController.m in Sources */,
				897AF16E144E0BCC005D71E9 /* OptionPickersTableViewController.m in Sources */,
				89786491144F0B2200B76EB9 /* OptionHeader.m in Sources */,
				8999441F14505C64000D244D /* EditableTableViewCell.m in Sources */,
			);
			runOnlyForDeploymentPostprocessing = 0;
		};
/* End PBXSourcesBuildPhase section */

/* Begin PBXVariantGroup section */
		892C96AC142B67E000994EAB /* InfoPlist.strings */ = {
			isa = PBXVariantGroup;
			children = (
				892C96AD142B67E000994EAB /* en */,
			);
			name = InfoPlist.strings;
			sourceTree = "<group>";
		};
/* End PBXVariantGroup section */

/* Begin XCBuildConfiguration section */
		892C96BB142B67E000994EAB /* Debug */ = {
			isa = XCBuildConfiguration;
			buildSettings = {
				ALWAYS_SEARCH_USER_PATHS = NO;
				ARCHS = "$(ARCHS_STANDARD_32_BIT)";
				"CODE_SIGN_IDENTITY[sdk=iphoneos*]" = "iPhone Developer";
				COPY_PHASE_STRIP = NO;
				GCC_C_LANGUAGE_STANDARD = gnu99;
				GCC_DYNAMIC_NO_PIC = NO;
				GCC_OPTIMIZATION_LEVEL = 0;
				GCC_PREPROCESSOR_DEFINITIONS = (
					"DEBUG=1",
					"$(inherited)",
				);
				GCC_SYMBOLS_PRIVATE_EXTERN = NO;
				GCC_VERSION = com.apple.compilers.llvm.clang.1_0;
				GCC_WARN_ABOUT_MISSING_PROTOTYPES = YES;
				GCC_WARN_ABOUT_RETURN_TYPE = YES;
				GCC_WARN_UNUSED_VARIABLE = YES;
				IPHONEOS_DEPLOYMENT_TARGET = 4.2;
				SDKROOT = iphoneos;
				TARGETED_DEVICE_FAMILY = 2;
			};
			name = Debug;
		};
		892C96BC142B67E000994EAB /* Release */ = {
			isa = XCBuildConfiguration;
			buildSettings = {
				ALWAYS_SEARCH_USER_PATHS = NO;
				ARCHS = "$(ARCHS_STANDARD_32_BIT)";
				"CODE_SIGN_IDENTITY[sdk=iphoneos*]" = "iPhone Developer";
				COPY_PHASE_STRIP = YES;
				GCC_C_LANGUAGE_STANDARD = gnu99;
				GCC_VERSION = com.apple.compilers.llvm.clang.1_0;
				GCC_WARN_ABOUT_MISSING_PROTOTYPES = YES;
				GCC_WARN_ABOUT_RETURN_TYPE = YES;
				GCC_WARN_UNUSED_VARIABLE = YES;
				IPHONEOS_DEPLOYMENT_TARGET = 4.2;
				OTHER_CFLAGS = "-DNS_BLOCK_ASSERTIONS=1";
				SDKROOT = iphoneos;
				TARGETED_DEVICE_FAMILY = 2;
				VALIDATE_PRODUCT = YES;
			};
			name = Release;
		};
		892C96BE142B67E000994EAB /* Debug */ = {
			isa = XCBuildConfiguration;
			buildSettings = {
				GCC_PRECOMPILE_PREFIX_HEADER = YES;
				GCC_PREFIX_HEADER = "Ob Log/Ob Log-Prefix.pch";
				INFOPLIST_FILE = "Ob Log/Ob Log-Info.plist";
				PRODUCT_NAME = "$(TARGET_NAME)";
				WRAPPER_EXTENSION = app;
			};
			name = Debug;
		};
		892C96BF142B67E000994EAB /* Release */ = {
			isa = XCBuildConfiguration;
			buildSettings = {
				GCC_PRECOMPILE_PREFIX_HEADER = YES;
				GCC_PREFIX_HEADER = "Ob Log/Ob Log-Prefix.pch";
				INFOPLIST_FILE = "Ob Log/Ob Log-Info.plist";
				PRODUCT_NAME = "$(TARGET_NAME)";
				WRAPPER_EXTENSION = app;
			};
			name = Release;
		};
/* End XCBuildConfiguration section */

/* Begin XCConfigurationList section */
		892C9699142B67E000994EAB /* Build configuration list for PBXProject "Ob Log" */ = {
			isa = XCConfigurationList;
			buildConfigurations = (
				892C96BB142B67E000994EAB /* Debug */,
				892C96BC142B67E000994EAB /* Release */,
			);
			defaultConfigurationIsVisible = 0;
			defaultConfigurationName = Release;
		};
		892C96BD142B67E000994EAB /* Build configuration list for PBXNativeTarget "Ob Log" */ = {
			isa = XCConfigurationList;
			buildConfigurations = (
				892C96BE142B67E000994EAB /* Debug */,
				892C96BF142B67E000994EAB /* Release */,
			);
			defaultConfigurationIsVisible = 0;
			defaultConfigurationName = Release;
		};
/* End XCConfigurationList section */

/* Begin XCVersionGroup section */
		891AB1D8142F926400D0171B /* Model.xcdatamodeld */ = {
			isa = XCVersionGroup;
			children = (
				891AB1D9142F926400D0171B /* Model.xcdatamodel */,
			);
			currentVersion = 891AB1D9142F926400D0171B /* Model.xcdatamodel */;
			path = Model.xcdatamodeld;
			sourceTree = "<group>";
			versionGroupType = wrapper.xcdatamodel;
		};
/* End XCVersionGroup section */
	};
	rootObject = 892C9696142B67E000994EAB /* Project object */;
}
